# This file is automatically @generated by Cargo.
# It is not intended for manual editing.
version = 4

[[package]]
name = "cycle-a"
version = "0.1.0"
dependencies = [
 "cycle-b",
]

[[package]]
name = "cycle-b"
version = "0.1.0"
dependencies = [
 "cycle-c",
]

[[package]]
name = "cycle-c"
version = "0.1.0"
dependencies = [
 "cycle-a",
]
